
Microsoft Visual Studio Solution File, Format Version 12.00
# Visual Studio 15
VisualStudioVersion = 15.0.28307.645
MinimumVisualStudioVersion = 10.0.40219.1
Project("{FAE04EC0-301F-11D3-BF4B-00C04F79EFBC}") = "SoupBinTCP.NET", "SoupBinTCP.NET\SoupBinTCP.NET.csproj", "{1AB886EE-8C45-41FC-8118-48ADC1E01C8A}"
EndProject
Project("{FAE04EC0-301F-11D3-BF4B-00C04F79EFBC}") = "Acceptor", "Examples\Server\Acceptor.csproj", "{83969916-4274-4631-BFAF-7974092CD1F3}"
EndProject
Global
	GlobalSection(SolutionConfigurationPlatforms) = preSolution
		Debug|Any CPU = Debug|Any CPU
		Release|Any CPU = Release|Any CPU
	EndGlobalSection
	GlobalSection(ProjectConfigurationPlatforms) = postSolution
		{1AB886EE-8C45-41FC-8118-48ADC1E01C8A}.Debug|Any CPU.ActiveCfg = Debug|Any CPU
		{1AB886EE-8C45-41FC-8118-48ADC1E01C8A}.Debug|Any CPU.Build.0 = Debug|Any CPU
		{1AB886EE-8C45-41FC-8118-48ADC1E01C8A}.Release|Any CPU.ActiveCfg = Release|Any CPU
		{1AB886EE-8C45-41FC-8118-48ADC1E01C8A}.Release|Any CPU.Build.0 = Release|Any CPU
		{83969916-4274-4631-BFAF-7974092CD1F3}.Debug|Any CPU.ActiveCfg = Debug|Any CPU
		{83969916-4274-4631-BFAF-7974092CD1F3}.Debug|Any CPU.Build.0 = Debug|Any CPU
		{83969916-4274-4631-BFAF-7974092CD1F3}.Release|Any CPU.ActiveCfg = Release|Any CPU
		{83969916-4274-4631-BFAF-7974092CD1F3}.Release|Any CPU.Build.0 = Release|Any CPU
	EndGlobalSection
	GlobalSection(SolutionProperties) = preSolution
		HideSolutionNode = FALSE
	EndGlobalSection
	GlobalSection(ExtensibilityGlobals) = postSolution
		SolutionGuid = {08D95CFD-797E-4F1B-BB60-8DBC60CF029F}
	EndGlobalSection
EndGlobal
